{
  "name": "miniprogram",
  "lockfileVersion": 3,
  "requires": true,
  "packages": {
    "": {
      "dependencies": {
        "@lspriv/wc-plugin-lunar": "^1.0.3-alpha.0",
        "@lspriv/wx-calendar": "^1.8.4",
        "lottie-miniprogram": "^1.0.12"
      }
    },
    "node_modules/@lspriv/wc-plugin-lunar": {
      "version": "1.0.3-alpha.0",
      "resolved": "https://registry.npmjs.org/@lspriv/wc-plugin-lunar/-/wc-plugin-lunar-1.0.3-alpha.0.tgz",
      "integrity": "sha512-SMExkscKOKgCW5+Q7+Y2gsbuDw/4sEbkPEfIpPnfDxmHhft+U3SwdmQPsVYTLaALUJQHTv3vXrO2FchRea+kPw==",
      "license": "MIT",
      "peerDependencies": {
        "@lspriv/wx-calendar": "^1.8.4-alpha.11"
      }
    },
    "node_modules/@lspriv/wx-calendar": {
      "version": "1.8.4",
      "resolved": "https://registry.npmjs.org/@lspriv/wx-calendar/-/wx-calendar-1.8.4.tgz",
      "integrity": "sha512-TWDLGCpLfCrRtUiJJouU0ridF+coGgARbBvvdMjSryjVWW05vYmOHEj575I+xc6lk2yTDZ7ncbUSOUC8OijgOg==",
      "license": "MIT",
      "engines": {
        "node": ">=16.13.0"
      }
    },
    "node_modules/lottie-miniprogram": {
      "version": "1.0.12",
      "resolved": "https://registry.npmjs.org/lottie-miniprogram/-/lottie-miniprogram-1.0.12.tgz",
      "integrity": "sha512-2ITtXAyeDXbftvYYe5w0ayl8jTV8laylWMCdJofpka1q205NkjRNj7kX+iIZZ/YjKh1f8plWxb9gSFHkC7BLUQ==",
      "license": "MIT"
    }
  }
}
